{
  "requires": true,
  "lockfileVersion": 1,
  "dependencies": {
    "filepond": {
      "version": "4.0.2",
      "resolved": "https://registry.npmjs.org/filepond/-/filepond-4.0.2.tgz",
      "integrity": "sha512-XmRokzp57zKmzWj6KlOvLxTco4Vz3twHY/yvtxpgIXrOL9V/YoE6Lp1/IWSACDZpfNfY9VpU23hxQN0y5u1g4Q=="
    },
    "react-filepond": {
      "version": "7.0.1",
      "resolved": "https://registry.npmjs.org/react-filepond/-/react-filepond-7.0.1.tgz",
      "integrity": "sha512-PitNM44JP0K5hXnkSYV3HRlkObsWbhqaJRWizMrdHpS3pPz9/iyiOGmRpc+4T4ST3vblmiUTLRYq/+1bDcSqQw=="
    }
  }
}
